// !$*UTF8*$!
{
	archiveVersion = 1;
	classes = {
	};
	objectVersion = 56;
	objects = {

/* Begin PBXBuildFile section */
		E618EFD12A8505D700FE105F /* CarParkItem.swift in Sources */ = {isa = PBXBuildFile; fileRef = E618EFD02A8505D700FE105F /* CarParkItem.swift */; };
		E6F12AC92A83CFEC00866208 /* qshrApp.swift in Sources */ = {isa = PBXBuildFile; fileRef = E6F12AC82A83CFEC00866208 /* qshrApp.swift */; };
		E6F12ACB2A83CFEC00866208 /* ContentView.swift in Sources */ = {isa = PBXBuildFile; fileRef = E6F12ACA2A83CFEC00866208 /* ContentView.swift */; };
		E6F12ACD2A83CFF100866208 /* Assets.xcassets in Resources */ = {isa = PBXBuildFile; fileRef = E6F12ACC2A83CFF100866208 /* Assets.xcassets */; };
		E6F12AD02A83CFF100866208 /* Preview Assets.xcassets in Resources */ = {isa = PBXBuildFile; fileRef = E6F12ACF2A83CFF100866208 /* Preview Assets.xcassets */; };
		E6F12ADB2A83D56100866208 /* CarParksAPI.swift in Sources */ = {isa = PBXBuildFile; fileRef = E6F12ADA2A83D56100866208 /* CarParksAPI.swift */; };
		E6F12AE02A8469B600866208 /* CarParkViewModel.swift in Sources */ = {isa = PBXBuildFile; fileRef = E6F12ADF2A8469B600866208 /* CarParkViewModel.swift */; };
		E6F12AE42A84836E00866208 /* CarParksResponse.swift in Sources */ = {isa = PBXBuildFile; fileRef = E6F12AE32A84836E00866208 /* CarParksResponse.swift */; };
/* End PBXBuildFile section */

/* Begin PBXFileReference section */
		E618EFD02A8505D700FE105F /* CarParkItem.swift */ = {isa = PBXFileReference; lastKnownFileType = sourcecode.swift; path = CarParkItem.swift; sourceTree = "<group>"; };
		E6F12AC52A83CFEC00866208 /* qshr.app */ = {isa = PBXFileReference; explicitFileType = wrapper.application; includeInIndex = 0; path = qshr.app; sourceTree = BUILT_PRODUCTS_DIR; };
		E6F12AC82A83CFEC00866208 /* qshrApp.swift */ = {isa = PBXFileReference; lastKnownFileType = sourcecode.swift; path = qshrApp.swift; sourceTree = "<group>"; };
		E6F12ACA2A83CFEC00866208 /* ContentView.swift */ = {isa = PBXFileReference; lastKnownFileType = sourcecode.swift; path = ContentView.swift; sourceTree = "<group>"; };
		E6F12ACC2A83CFF100866208 /* Assets.xcassets */ = {isa = PBXFileReference; lastKnownFileType = folder.assetcatalog; path = Assets.xcassets; sourceTree = "<group>"; };
		E6F12ACF2A83CFF100866208 /* Preview Assets.xcassets */ = {isa = PBXFileReference; lastKnownFileType = folder.assetcatalog; path = "Preview Assets.xcassets"; sourceTree = "<group>"; };
		E6F12ADA2A83D56100866208 /* CarParksAPI.swift */ = {isa = PBXFileReference; lastKnownFileType = sourcecode.swift; path = CarParksAPI.swift; sourceTree = "<group>"; };
		E6F12ADF2A8469B600866208 /* CarParkViewModel.swift */ = {isa = PBXFileReference; lastKnownFileType = sourcecode.swift; path = CarParkViewModel.swift; sourceTree = "<group>"; };
		E6F12AE32A84836E00866208 /* CarParksResponse.swift */ = {isa = PBXFileReference; lastKnownFileType = sourcecode.swift; path = CarParksResponse.swift; sourceTree = "<group>"; };
/* End PBXFileReference section */

/* Begin PBXFrameworksBuildPhase section */
		E6F12AC22A83CFEC00866208 /* Frameworks */ = {
			isa = PBXFrameworksBuildPhase;
			buildActionMask = 2147483647;
			files = (
			);
			runOnlyForDeploymentPostprocessing = 0;
		};
/* End PBXFrameworksBuildPhase section */

/* Begin PBXGroup section */
		E6F12ABC2A83CFEC00866208 = {
			isa = PBXGroup;
			children = (
				E6F12AC72A83CFEC00866208 /* qshr */,
				E6F12AC62A83CFEC00866208 /* Products */,
			);
			sourceTree = "<group>";
		};
		E6F12AC62A83CFEC00866208 /* Products */ = {
			isa = PBXGroup;
			children = (
				E6F12AC52A83CFEC00866208 /* qshr.app */,
			);
			name = Products;
			sourceTree = "<group>";
		};
		E6F12AC72A83CFEC00866208 /* qshr */ = {
			isa = PBXGroup;
			children = (
				E6F12ADE2A8465FA00866208 /* ViewModel */,
				E6F12AD92A83D53800866208 /* API */,
				E6F12AD62A83D3DC00866208 /* Model */,
				E6F12AC82A83CFEC00866208 /* qshrApp.swift */,
				E6F12ACA2A83CFEC00866208 /* ContentView.swift */,
				E6F12ACC2A83CFF100866208 /* Assets.xcassets */,
				E6F12ACE2A83CFF100866208 /* Preview Content */,
			);
			path = qshr;
			sourceTree = "<group>";
		};
		E6F12ACE2A83CFF100866208 /* Preview Content */ = {
			isa = PBXGroup;
			children = (
				E6F12ACF2A83CFF100866208 /* Preview Assets.xcassets */,
			);
			path = "Preview Content";
			sourceTree = "<group>";
		};
		E6F12AD62A83D3DC00866208 /* Model */ = {
			isa = PBXGroup;
			children = (
				E6F12AE32A84836E00866208 /* CarParksResponse.swift */,
				E618EFD02A8505D700FE105F /* CarParkItem.swift */,
			);
			path = Model;
			sourceTree = "<group>";
		};
		E6F12AD92A83D53800866208 /* API */ = {
			isa = PBXGroup;
			children = (
				E6F12ADA2A83D56100866208 /* CarParksAPI.swift */,
			);
			path = API;
			sourceTree = "<group>";
		};
		E6F12ADE2A8465FA00866208 /* ViewModel */ = {
			isa = PBXGroup;
			children = (
				E6F12ADF2A8469B600866208 /* CarParkViewModel.swift */,
			);
			path = ViewModel;
			sourceTree = "<group>";
		};
/* End PBXGroup section */

/* Begin PBXNativeTarget section */
		E6F12AC42A83CFEC00866208 /* qshr */ = {
			isa = PBXNativeTarget;
			buildConfigurationList = E6F12AD32A83CFF100866208 /* Build configuration list for PBXNativeTarget "qshr" */;
			buildPhases = (
				E6F12AC12A83CFEC00866208 /* Sources */,
				E6F12AC22A83CFEC00866208 /* Frameworks */,
				E6F12AC32A83CFEC00866208 /* Resources */,
			);
			buildRules = (
			);
			dependencies = (
			);
			name = qshr;
			productName = qshr;
			productReference = E6F12AC52A83CFEC00866208 /* qshr.app */;
			productType = "com.apple.product-type.application";
		};
/* End PBXNativeTarget section */

/* Begin PBXProject section */
		E6F12ABD2A83CFEC00866208 /* Project object */ = {
			isa = PBXProject;
			attributes = {
				BuildIndependentTargetsInParallel = 1;
				LastSwiftUpdateCheck = 1430;
				LastUpgradeCheck = 1430;
				TargetAttributes = {
					E6F12AC42A83CFEC00866208 = {
						CreatedOnToolsVersion = 14.3.1;
					};
				};
			};
			buildConfigurationList = E6F12AC02A83CFEC00866208 /* Build configuration list for PBXProject "qshr" */;
			compatibilityVersion = "Xcode 14.0";
			developmentRegion = en;
			hasScannedForEncodings = 0;
			knownRegions = (
				en,
				Base,
			);
			mainGroup = E6F12ABC2A83CFEC00866208;
			productRefGroup = E6F12AC62A83CFEC00866208 /* Products */;
			projectDirPath = "";
			projectRoot = "";
			targets = (
				E6F12AC42A83CFEC00866208 /* qshr */,
			);
		};
/* End PBXProject section */

/* Begin PBXResourcesBuildPhase section */
		E6F12AC32A83CFEC00866208 /* Resources */ = {
			isa = PBXResourcesBuildPhase;
			buildActionMask = 2147483647;
			files = (
				E6F12AD02A83CFF100866208 /* Preview Assets.xcassets in Resources */,
				E6F12ACD2A83CFF100866208 /* Assets.xcassets in Resources */,
			);
			runOnlyForDeploymentPostprocessing = 0;
		};
/* End PBXResourcesBuildPhase section */

/* Begin PBXSourcesBuildPhase section */
		E6F12AC12A83CFEC00866208 /* Sources */ = {
			isa = PBXSourcesBuildPhase;
			buildActionMask = 2147483647;
			files = (
				E6F12ADB2A83D56100866208 /* CarParksAPI.swift in Sources */,
				E6F12ACB2A83CFEC00866208 /* ContentView.swift in Sources */,
				E6F12AC92A83CFEC00866208 /* qshrApp.swift in Sources */,
				E6F12AE42A84836E00866208 /* CarParksResponse.swift in Sources */,
				E6F12AE02A8469B600866208 /* CarParkViewModel.swift in Sources */,
				E618EFD12A8505D700FE105F /* CarParkItem.swift in Sources */,
			);
			runOnlyForDeploymentPostprocessing = 0;
		};
/* End PBXSourcesBuildPhase section */

/* Begin XCBuildConfiguration section */
		E6F12AD12A83CFF100866208 /* Debug */ = {
			isa = XCBuildConfiguration;
			buildSettings = {
				ALWAYS_SEARCH_USER_PATHS = NO;
				CLANG_ANALYZER_NONNULL = YES;
				CLANG_ANALYZER_NUMBER_OBJECT_CONVERSION = YES_AGGRESSIVE;
				CLANG_CXX_LANGUAGE_STANDARD = "gnu++20";
				CLANG_ENABLE_MODULES = YES;
				CLANG_ENABLE_OBJC_ARC = YES;
				CLANG_ENABLE_OBJC_WEAK = YES;
				CLANG_WARN_BLOCK_CAPTURE_AUTORELEASING = YES;
				CLANG_WARN_BOOL_CONVERSION = YES;
				CLANG_WARN_COMMA = YES;
				CLANG_WARN_CONSTANT_CONVERSION = YES;
				CLANG_WARN_DEPRECATED_OBJC_IMPLEMENTATIONS = YES;
				CLANG_WARN_DIRECT_OBJC_ISA_USAGE = YES_ERROR;
				CLANG_WARN_DOCUMENTATION_COMMENTS = YES;
				CLANG_WARN_EMPTY_BODY = YES;
				CLANG_WARN_ENUM_CONVERSION = YES;
				CLANG_WARN_INFINITE_RECURSION = YES;
				CLANG_WARN_INT_CONVERSION = YES;
				CLANG_WARN_NON_LITERAL_NULL_CONVERSION = YES;
				CLANG_WARN_OBJC_IMPLICIT_RETAIN_SELF = YES;
				CLANG_WARN_OBJC_LITERAL_CONVERSION = YES;
				CLANG_WARN_OBJC_ROOT_CLASS = YES_ERROR;
				CLANG_WARN_QUOTED_INCLUDE_IN_FRAMEWORK_HEADER = YES;
				CLANG_WARN_RANGE_LOOP_ANALYSIS = YES;
				CLANG_WARN_STRICT_PROTOTYPES = YES;
				CLANG_WARN_SUSPICIOUS_MOVE = YES;
				CLANG_WARN_UNGUARDED_AVAILABILITY = YES_AGGRESSIVE;
				CLANG_WARN_UNREACHABLE_CODE = YES;
				CLANG_WARN__DUPLICATE_METHOD_MATCH = YES;
				COPY_PHASE_STRIP = NO;
				DEBUG_INFORMATION_FORMAT = dwarf;
				ENABLE_STRICT_OBJC_MSGSEND = YES;
				ENABLE_TESTABILITY = YES;
				GCC_C_LANGUAGE_STANDARD = gnu11;
				GCC_DYNAMIC_NO_PIC = NO;
				GCC_NO_COMMON_BLOCKS = YES;
				GCC_OPTIMIZATION_LEVEL = 0;
				GCC_PREPROCESSOR_DEFINITIONS = (
					"DEBUG=1",
					"$(inherited)",
				);
				GCC_WARN_64_TO_32_BIT_CONVERSION = YES;
				GCC_WARN_ABOUT_RETURN_TYPE = YES_ERROR;
				GCC_WARN_UNDECLARED_SELECTOR = YES;
				GCC_WARN_UNINITIALIZED_AUTOS = YES_AGGRESSIVE;
				GCC_WARN_UNUSED_FUNCTION = YES;
				GCC_WARN_UNUSED_VARIABLE = YES;
				IPHONEOS_DEPLOYMENT_TARGET = 16.4;
				MTL_ENABLE_DEBUG_INFO = INCLUDE_SOURCE;
				MTL_FAST_MATH = YES;
				ONLY_ACTIVE_ARCH = YES;
				SDKROOT = iphoneos;
				SWIFT_ACTIVE_COMPILATION_CONDITIONS = DEBUG;
				SWIFT_OPTIMIZATION_LEVEL = "-Onone";
			};
			name = Debug;
		};
		E6F12AD22A83CFF100866208 /* Release */ = {
			isa = XCBuildConfiguration;
			buildSettings = {
				ALWAYS_SEARCH_USER_PATHS = NO;
				CLANG_ANALYZER_NONNULL = YES;
				CLANG_ANALYZER_NUMBER_OBJECT_CONVERSION = YES_AGGRESSIVE;
				CLANG_CXX_LANGUAGE_STANDARD = "gnu++20";
				CLANG_ENABLE_MODULES = YES;
				CLANG_ENABLE_OBJC_ARC = YES;
				CLANG_ENABLE_OBJC_WEAK = YES;
				CLANG_WARN_BLOCK_CAPTURE_AUTORELEASING = YES;
				CLANG_WARN_BOOL_CONVERSION = YES;
				CLANG_WARN_COMMA = YES;
				CLANG_WARN_CONSTANT_CONVERSION = YES;
				CLANG_WARN_DEPRECATED_OBJC_IMPLEMENTATIONS = YES;
				CLANG_WARN_DIRECT_OBJC_ISA_USAGE = YES_ERROR;
				CLANG_WARN_DOCUMENTATION_COMMENTS = YES;
				CLANG_WARN_EMPTY_BODY = YES;
				CLANG_WARN_ENUM_CONVERSION = YES;
				CLANG_WARN_INFINITE_RECURSION = YES;
				CLANG_WARN_INT_CONVERSION = YES;
				CLANG_WARN_NON_LITERAL_NULL_CONVERSION = YES;
				CLANG_WARN_OBJC_IMPLICIT_RETAIN_SELF = YES;
				CLANG_WARN_OBJC_LITERAL_CONVERSION = YES;
				CLANG_WARN_OBJC_ROOT_CLASS = YES_ERROR;
				CLANG_WARN_QUOTED_INCLUDE_IN_FRAMEWORK_HEADER = YES;
				CLANG_WARN_RANGE_LOOP_ANALYSIS = YES;
				CLANG_WARN_STRICT_PROTOTYPES = YES;
				CLANG_WARN_SUSPICIOUS_MOVE = YES;
				CLANG_WARN_UNGUARDED_AVAILABILITY = YES_AGGRESSIVE;
				CLANG_WARN_UNREACHABLE_CODE = YES;
				CLANG_WARN__DUPLICATE_METHOD_MATCH = YES;
				COPY_PHASE_STRIP = NO;
				DEBUG_INFORMATION_FORMAT = "dwarf-with-dsym";
				ENABLE_NS_ASSERTIONS = NO;
				ENABLE_STRICT_OBJC_MSGSEND = YES;
				GCC_C_LANGUAGE_STANDARD = gnu11;
				GCC_NO_COMMON_BLOCKS = YES;
				GCC_WARN_64_TO_32_BIT_CONVERSION = YES;
				GCC_WARN_ABOUT_RETURN_TYPE = YES_ERROR;
				GCC_WARN_UNDECLARED_SELECTOR = YES;
				GCC_WARN_UNINITIALIZED_AUTOS = YES_AGGRESSIVE;
				GCC_WARN_UNUSED_FUNCTION = YES;
				GCC_WARN_UNUSED_VARIABLE = YES;
				IPHONEOS_DEPLOYMENT_TARGET = 16.4;
				MTL_ENABLE_DEBUG_INFO = NO;
				MTL_FAST_MATH = YES;
				SDKROOT = iphoneos;
				SWIFT_COMPILATION_MODE = wholemodule;
				SWIFT_OPTIMIZATION_LEVEL = "-O";
				VALIDATE_PRODUCT = YES;
			};
			name = Release;
		};
		E6F12AD42A83CFF100866208 /* Debug */ = {
			isa = XCBuildConfiguration;
			buildSettings = {
				ASSETCATALOG_COMPILER_APPICON_NAME = AppIcon;
				ASSETCATALOG_COMPILER_GLOBAL_ACCENT_COLOR_NAME = AccentColor;
				CODE_SIGN_STYLE = Automatic;
				CURRENT_PROJECT_VERSION = 1;
				DEVELOPMENT_ASSET_PATHS = "\"qshr/Preview Content\"";
				DEVELOPMENT_TEAM = 3KV3ET8D49;
				ENABLE_PREVIEWS = YES;
				GENERATE_INFOPLIST_FILE = YES;
				INFOPLIST_KEY_UIApplicationSceneManifest_Generation = YES;
				INFOPLIST_KEY_UIApplicationSupportsIndirectInputEvents = YES;
				INFOPLIST_KEY_UILaunchScreen_Generation = YES;
				INFOPLIST_KEY_UISupportedInterfaceOrientations_iPad = "UIInterfaceOrientationPortrait UIInterfaceOrientationPortraitUpsideDown UIInterfaceOrientationLandscapeLeft UIInterfaceOrientationLandscapeRight";
				INFOPLIST_KEY_UISupportedInterfaceOrientations_iPhone = "UIInterfaceOrientationPortrait UIInterfaceOrientationLandscapeLeft UIInterfaceOrientationLandscapeRight";
				LD_RUNPATH_SEARCH_PATHS = (
					"$(inherited)",
					"@executable_path/Frameworks",
				);
				MARKETING_VERSION = 1.0;
				PRODUCT_BUNDLE_IDENTIFIER = com.tsm.qshr;
				PRODUCT_NAME = "$(TARGET_NAME)";
				SWIFT_EMIT_LOC_STRINGS = YES;
				SWIFT_VERSION = 5.0;
				TARGETED_DEVICE_FAMILY = "1,2";
			};
			name = Debug;
		};
		E6F12AD52A83CFF100866208 /* Release */ = {
			isa = XCBuildConfiguration;
			buildSettings = {
				ASSETCATALOG_COMPILER_APPICON_NAME = AppIcon;
				ASSETCATALOG_COMPILER_GLOBAL_ACCENT_COLOR_NAME = AccentColor;
				CODE_SIGN_STYLE = Automatic;
				CURRENT_PROJECT_VERSION = 1;
				DEVELOPMENT_ASSET_PATHS = "\"qshr/Preview Content\"";
				DEVELOPMENT_TEAM = 3KV3ET8D49;
				ENABLE_PREVIEWS = YES;
				GENERATE_INFOPLIST_FILE = YES;
				INFOPLIST_KEY_UIApplicationSceneManifest_Generation = YES;
				INFOPLIST_KEY_UIApplicationSupportsIndirectInputEvents = YES;
				INFOPLIST_KEY_UILaunchScreen_Generation = YES;
				INFOPLIST_KEY_UISupportedInterfaceOrientations_iPad = "UIInterfaceOrientationPortrait UIInterfaceOrientationPortraitUpsideDown UIInterfaceOrientationLandscapeLeft UIInterfaceOrientationLandscapeRight";
				INFOPLIST_KEY_UISupportedInterfaceOrientations_iPhone = "UIInterfaceOrientationPortrait UIInterfaceOrientationLandscapeLeft UIInterfaceOrientationLandscapeRight";
				LD_RUNPATH_SEARCH_PATHS = (
					"$(inherited)",
					"@executable_path/Frameworks",
				);
				MARKETING_VERSION = 1.0;
				PRODUCT_BUNDLE_IDENTIFIER = com.tsm.qshr;
				PRODUCT_NAME = "$(TARGET_NAME)";
				SWIFT_EMIT_LOC_STRINGS = YES;
				SWIFT_VERSION = 5.0;
				TARGETED_DEVICE_FAMILY = "1,2";
			};
			name = Release;
		};
/* End XCBuildConfiguration section */

/* Begin XCConfigurationList section */
		E6F12AC02A83CFEC00866208 /* Build configuration list for PBXProject "qshr" */ = {
			isa = XCConfigurationList;
			buildConfigurations = (
				E6F12AD12A83CFF100866208 /* Debug */,
				E6F12AD22A83CFF100866208 /* Release */,
			);
			defaultConfigurationIsVisible = 0;
			defaultConfigurationName = Release;
		};
		E6F12AD32A83CFF100866208 /* Build configuration list for PBXNativeTarget "qshr" */ = {
			isa = XCConfigurationList;
			buildConfigurations = (
				E6F12AD42A83CFF100866208 /* Debug */,
				E6F12AD52A83CFF100866208 /* Release */,
			);
			defaultConfigurationIsVisible = 0;
			defaultConfigurationName = Release;
		};
/* End XCConfigurationList section */
	};
	rootObject = E6F12ABD2A83CFEC00866208 /* Project object */;
}
